
Microsoft Visual Studio Solution File, Format Version 12.00
# Visual Studio 2013
VisualStudioVersion = 12.0.21005.1
MinimumVisualStudioVersion = 10.0.40219.1
Project("{FAE04EC0-301F-11D3-BF4B-00C04F79EFBC}") = "OnlineRegistration", "OnlineRegistration\OnlineRegistration.csproj", "{F52EA20B-074B-4CCB-BD97-FFAFB9F034CD}"
EndProject
Project("{FAE04EC0-301F-11D3-BF4B-00C04F79EFBC}") = "OnlineRegistration_v2", "OnlineRegistration_v2\OnlineRegistration_v2.csproj", "{CBB6B6C2-437B-4A8E-8B87-57A99519FAEF}"
EndProject
Global
	GlobalSection(SolutionConfigurationPlatforms) = preSolution
		Debug|Any CPU = Debug|Any CPU
		Release|Any CPU = Release|Any CPU
	EndGlobalSection
	GlobalSection(ProjectConfigurationPlatforms) = postSolution
		{F52EA20B-074B-4CCB-BD97-FFAFB9F034CD}.Debug|Any CPU.ActiveCfg = Debug|Any CPU
		{F52EA20B-074B-4CCB-BD97-FFAFB9F034CD}.Debug|Any CPU.Build.0 = Debug|Any CPU
		{F52EA20B-074B-4CCB-BD97-FFAFB9F034CD}.Release|Any CPU.ActiveCfg = Release|Any CPU
		{F52EA20B-074B-4CCB-BD97-FFAFB9F034CD}.Release|Any CPU.Build.0 = Release|Any CPU
		{CBB6B6C2-437B-4A8E-8B87-57A99519FAEF}.Debug|Any CPU.ActiveCfg = Debug|Any CPU
		{CBB6B6C2-437B-4A8E-8B87-57A99519FAEF}.Debug|Any CPU.Build.0 = Debug|Any CPU
		{CBB6B6C2-437B-4A8E-8B87-57A99519FAEF}.Release|Any CPU.ActiveCfg = Release|Any CPU
		{CBB6B6C2-437B-4A8E-8B87-57A99519FAEF}.Release|Any CPU.Build.0 = Release|Any CPU
	EndGlobalSection
	GlobalSection(SolutionProperties) = preSolution
		HideSolutionNode = FALSE
	EndGlobalSection
EndGlobal
